
Microsoft Visual Studio Solution File, Format Version 12.00
# Visual Studio 15
VisualStudioVersion = 15.0.27009.1
MinimumVisualStudioVersion = 15.0.26124.0
Project("{2150E333-8FDC-42A3-9474-1A3956D46DE8}") = "src", "src", "{7EE8BBC9-487B-4EB4-AED4-8A9D5CA902B6}"
EndProject
Project("{9A19103F-16F7-4668-BE54-9A1E7A4F7556}") = "Leto.EphemeralBuffers", "src\Leto.EphemeralBuffers\Leto.EphemeralBuffers.csproj", "{BF3682F1-2DA3-4EE8-91FC-6387DD7890D7}"
EndProject
Project("{2150E333-8FDC-42A3-9474-1A3956D46DE8}") = "Solution Items", "Solution Items", "{926952AD-C249-434F-9E80-FC651EBFE6B5}"
	ProjectSection(SolutionItems) = preProject
		NuGet.Config = NuGet.Config
	EndProjectSection
EndProject
Project("{2150E333-8FDC-42A3-9474-1A3956D46DE8}") = "test", "test", "{54A8EF2A-C028-40FB-837A-6C2D64E7CCD5}"
EndProject
Project("{9A19103F-16F7-4668-BE54-9A1E7A4F7556}") = "Leto.EphemeralBuffers.Facts", "test\Leto.EphemeralBuffers.Facts\Leto.EphemeralBuffers.Facts.csproj", "{18B16E26-D112-4AFA-B8AD-E99856E13846}"
EndProject
Project("{9A19103F-16F7-4668-BE54-9A1E7A4F7556}") = "Leto.Interop", "src\Leto.Interop\Leto.Interop.csproj", "{B3513F6E-7182-4B76-AFD1-0D83FFBD9421}"
EndProject
Project("{9A19103F-16F7-4668-BE54-9A1E7A4F7556}") = "Leto", "src\Leto\Leto.csproj", "{B21076CB-E264-47FE-848A-0BDAC4FDD160}"
EndProject
Project("{9A19103F-16F7-4668-BE54-9A1E7A4F7556}") = "Leto.OpenSsl11", "src\Leto.OpenSsl11\Leto.OpenSsl11.csproj", "{910BE3DD-CB42-4554-AEDE-1D58BB4C747B}"
EndProject
Project("{9A19103F-16F7-4668-BE54-9A1E7A4F7556}") = "CommonFacts", "test\CommonFacts\CommonFacts.csproj", "{0F0EF0C8-1DD5-43F3-9CFD-982CF4F43626}"
EndProject
Project("{9A19103F-16F7-4668-BE54-9A1E7A4F7556}") = "Leto.ProtocolFacts", "test\Leto.ProtocolFacts\Leto.ProtocolFacts.csproj", "{9B486086-C5B8-4301-B7AA-6405D891859D}"
EndProject
Project("{FAE04EC0-301F-11D3-BF4B-00C04F79EFBC}") = "Leto.OpenSslFacts", "test\Leto.OpenSslFacts\Leto.OpenSslFacts.csproj", "{CDA47384-321E-4744-B176-110568F4A938}"
EndProject
Global
	GlobalSection(SolutionConfigurationPlatforms) = preSolution
		Debug|Any CPU = Debug|Any CPU
		Debug|x64 = Debug|x64
		Debug|x86 = Debug|x86
		Release|Any CPU = Release|Any CPU
		Release|x64 = Release|x64
		Release|x86 = Release|x86
	EndGlobalSection
	GlobalSection(ProjectConfigurationPlatforms) = postSolution
		{BF3682F1-2DA3-4EE8-91FC-6387DD7890D7}.Debug|Any CPU.ActiveCfg = Debug|Any CPU
		{BF3682F1-2DA3-4EE8-91FC-6387DD7890D7}.Debug|Any CPU.Build.0 = Debug|Any CPU
		{BF3682F1-2DA3-4EE8-91FC-6387DD7890D7}.Debug|x64.ActiveCfg = Debug|Any CPU
		{BF3682F1-2DA3-4EE8-91FC-6387DD7890D7}.Debug|x64.Build.0 = Debug|Any CPU
		{BF3682F1-2DA3-4EE8-91FC-6387DD7890D7}.Debug|x86.ActiveCfg = Debug|Any CPU
		{BF3682F1-2DA3-4EE8-91FC-6387DD7890D7}.Debug|x86.Build.0 = Debug|Any CPU
		{BF3682F1-2DA3-4EE8-91FC-6387DD7890D7}.Release|Any CPU.ActiveCfg = Release|Any CPU
		{BF3682F1-2DA3-4EE8-91FC-6387DD7890D7}.Release|Any CPU.Build.0 = Release|Any CPU
		{BF3682F1-2DA3-4EE8-91FC-6387DD7890D7}.Release|x64.ActiveCfg = Release|Any CPU
		{BF3682F1-2DA3-4EE8-91FC-6387DD7890D7}.Release|x64.Build.0 = Release|Any CPU
		{BF3682F1-2DA3-4EE8-91FC-6387DD7890D7}.Release|x86.ActiveCfg = Release|Any CPU
		{BF3682F1-2DA3-4EE8-91FC-6387DD7890D7}.Release|x86.Build.0 = Release|Any CPU
		{18B16E26-D112-4AFA-B8AD-E99856E13846}.Debug|Any CPU.ActiveCfg = Debug|Any CPU
		{18B16E26-D112-4AFA-B8AD-E99856E13846}.Debug|Any CPU.Build.0 = Debug|Any CPU
		{18B16E26-D112-4AFA-B8AD-E99856E13846}.Debug|x64.ActiveCfg = Debug|Any CPU
		{18B16E26-D112-4AFA-B8AD-E99856E13846}.Debug|x64.Build.0 = Debug|Any CPU
		{18B16E26-D112-4AFA-B8AD-E99856E13846}.Debug|x86.ActiveCfg = Debug|Any CPU
		{18B16E26-D112-4AFA-B8AD-E99856E13846}.Debug|x86.Build.0 = Debug|Any CPU
		{18B16E26-D112-4AFA-B8AD-E99856E13846}.Release|Any CPU.ActiveCfg = Release|Any CPU
		{18B16E26-D112-4AFA-B8AD-E99856E13846}.Release|Any CPU.Build.0 = Release|Any CPU
		{18B16E26-D112-4AFA-B8AD-E99856E13846}.Release|x64.ActiveCfg = Release|Any CPU
		{18B16E26-D112-4AFA-B8AD-E99856E13846}.Release|x64.Build.0 = Release|Any CPU
		{18B16E26-D112-4AFA-B8AD-E99856E13846}.Release|x86.ActiveCfg = Release|Any CPU
		{18B16E26-D112-4AFA-B8AD-E99856E13846}.Release|x86.Build.0 = Release|Any CPU
		{B3513F6E-7182-4B76-AFD1-0D83FFBD9421}.Debug|Any CPU.ActiveCfg = Debug|Any CPU
		{B3513F6E-7182-4B76-AFD1-0D83FFBD9421}.Debug|Any CPU.Build.0 = Debug|Any CPU
		{B3513F6E-7182-4B76-AFD1-0D83FFBD9421}.Debug|x64.ActiveCfg = Debug|Any CPU
		{B3513F6E-7182-4B76-AFD1-0D83FFBD9421}.Debug|x64.Build.0 = Debug|Any CPU
		{B3513F6E-7182-4B76-AFD1-0D83FFBD9421}.Debug|x86.ActiveCfg = Debug|Any CPU
		{B3513F6E-7182-4B76-AFD1-0D83FFBD9421}.Debug|x86.Build.0 = Debug|Any CPU
		{B3513F6E-7182-4B76-AFD1-0D83FFBD9421}.Release|Any CPU.ActiveCfg = Release|Any CPU
		{B3513F6E-7182-4B76-AFD1-0D83FFBD9421}.Release|Any CPU.Build.0 = Release|Any CPU
		{B3513F6E-7182-4B76-AFD1-0D83FFBD9421}.Release|x64.ActiveCfg = Release|Any CPU
		{B3513F6E-7182-4B76-AFD1-0D83FFBD9421}.Release|x64.Build.0 = Release|Any CPU
		{B3513F6E-7182-4B76-AFD1-0D83FFBD9421}.Release|x86.ActiveCfg = Release|Any CPU
		{B3513F6E-7182-4B76-AFD1-0D83FFBD9421}.Release|x86.Build.0 = Release|Any CPU
		{B21076CB-E264-47FE-848A-0BDAC4FDD160}.Debug|Any CPU.ActiveCfg = Debug|Any CPU
		{B21076CB-E264-47FE-848A-0BDAC4FDD160}.Debug|Any CPU.Build.0 = Debug|Any CPU
		{B21076CB-E264-47FE-848A-0BDAC4FDD160}.Debug|x64.ActiveCfg = Debug|Any CPU
		{B21076CB-E264-47FE-848A-0BDAC4FDD160}.Debug|x64.Build.0 = Debug|Any CPU
		{B21076CB-E264-47FE-848A-0BDAC4FDD160}.Debug|x86.ActiveCfg = Debug|Any CPU
		{B21076CB-E264-47FE-848A-0BDAC4FDD160}.Debug|x86.Build.0 = Debug|Any CPU
		{B21076CB-E264-47FE-848A-0BDAC4FDD160}.Release|Any CPU.ActiveCfg = Release|Any CPU
		{B21076CB-E264-47FE-848A-0BDAC4FDD160}.Release|Any CPU.Build.0 = Release|Any CPU
		{B21076CB-E264-47FE-848A-0BDAC4FDD160}.Release|x64.ActiveCfg = Release|Any CPU
		{B21076CB-E264-47FE-848A-0BDAC4FDD160}.Release|x64.Build.0 = Release|Any CPU
		{B21076CB-E264-47FE-848A-0BDAC4FDD160}.Release|x86.ActiveCfg = Release|Any CPU
		{B21076CB-E264-47FE-848A-0BDAC4FDD160}.Release|x86.Build.0 = Release|Any CPU
		{910BE3DD-CB42-4554-AEDE-1D58BB4C747B}.Debug|Any CPU.ActiveCfg = Debug|Any CPU
		{910BE3DD-CB42-4554-AEDE-1D58BB4C747B}.Debug|Any CPU.Build.0 = Debug|Any CPU
		{910BE3DD-CB42-4554-AEDE-1D58BB4C747B}.Debug|x64.ActiveCfg = Debug|Any CPU
		{910BE3DD-CB42-4554-AEDE-1D58BB4C747B}.Debug|x64.Build.0 = Debug|Any CPU
		{910BE3DD-CB42-4554-AEDE-1D58BB4C747B}.Debug|x86.ActiveCfg = Debug|Any CPU
		{910BE3DD-CB42-4554-AEDE-1D58BB4C747B}.Debug|x86.Build.0 = Debug|Any CPU
		{910BE3DD-CB42-4554-AEDE-1D58BB4C747B}.Release|Any CPU.ActiveCfg = Release|Any CPU
		{910BE3DD-CB42-4554-AEDE-1D58BB4C747B}.Release|Any CPU.Build.0 = Release|Any CPU
		{910BE3DD-CB42-4554-AEDE-1D58BB4C747B}.Release|x64.ActiveCfg = Release|Any CPU
		{910BE3DD-CB42-4554-AEDE-1D58BB4C747B}.Release|x64.Build.0 = Release|Any CPU
		{910BE3DD-CB42-4554-AEDE-1D58BB4C747B}.Release|x86.ActiveCfg = Release|Any CPU
		{910BE3DD-CB42-4554-AEDE-1D58BB4C747B}.Release|x86.Build.0 = Release|Any CPU
		{0F0EF0C8-1DD5-43F3-9CFD-982CF4F43626}.Debug|Any CPU.ActiveCfg = Debug|Any CPU
		{0F0EF0C8-1DD5-43F3-9CFD-982CF4F43626}.Debug|Any CPU.Build.0 = Debug|Any CPU
		{0F0EF0C8-1DD5-43F3-9CFD-982CF4F43626}.Debug|x64.ActiveCfg = Debug|Any CPU
		{0F0EF0C8-1DD5-43F3-9CFD-982CF4F43626}.Debug|x64.Build.0 = Debug|Any CPU
		{0F0EF0C8-1DD5-43F3-9CFD-982CF4F43626}.Debug|x86.ActiveCfg = Debug|Any CPU
		{0F0EF0C8-1DD5-43F3-9CFD-982CF4F43626}.Debug|x86.Build.0 = Debug|Any CPU
		{0F0EF0C8-1DD5-43F3-9CFD-982CF4F43626}.Release|Any CPU.ActiveCfg = Release|Any CPU
		{0F0EF0C8-1DD5-43F3-9CFD-982CF4F43626}.Release|Any CPU.Build.0 = Release|Any CPU
		{0F0EF0C8-1DD5-43F3-9CFD-982CF4F43626}.Release|x64.ActiveCfg = Release|Any CPU
		{0F0EF0C8-1DD5-43F3-9CFD-982CF4F43626}.Release|x64.Build.0 = Release|Any CPU
		{0F0EF0C8-1DD5-43F3-9CFD-982CF4F43626}.Release|x86.ActiveCfg = Release|Any CPU
		{0F0EF0C8-1DD5-43F3-9CFD-982CF4F43626}.Release|x86.Build.0 = Release|Any CPU
		{9B486086-C5B8-4301-B7AA-6405D891859D}.Debug|Any CPU.ActiveCfg = Debug|Any CPU
		{9B486086-C5B8-4301-B7AA-6405D891859D}.Debug|Any CPU.Build.0 = Debug|Any CPU
		{9B486086-C5B8-4301-B7AA-6405D891859D}.Debug|x64.ActiveCfg = Debug|Any CPU
		{9B486086-C5B8-4301-B7AA-6405D891859D}.Debug|x64.Build.0 = Debug|Any CPU
		{9B486086-C5B8-4301-B7AA-6405D891859D}.Debug|x86.ActiveCfg = Debug|Any CPU
		{9B486086-C5B8-4301-B7AA-6405D891859D}.Debug|x86.Build.0 = Debug|Any CPU
		{9B486086-C5B8-4301-B7AA-6405D891859D}.Release|Any CPU.ActiveCfg = Release|Any CPU
		{9B486086-C5B8-4301-B7AA-6405D891859D}.Release|Any CPU.Build.0 = Release|Any CPU
		{9B486086-C5B8-4301-B7AA-6405D891859D}.Release|x64.ActiveCfg = Release|Any CPU
		{9B486086-C5B8-4301-B7AA-6405D891859D}.Release|x64.Build.0 = Release|Any CPU
		{9B486086-C5B8-4301-B7AA-6405D891859D}.Release|x86.ActiveCfg = Release|Any CPU
		{9B486086-C5B8-4301-B7AA-6405D891859D}.Release|x86.Build.0 = Release|Any CPU
		{CDA47384-321E-4744-B176-110568F4A938}.Debug|Any CPU.ActiveCfg = Debug|Any CPU
		{CDA47384-321E-4744-B176-110568F4A938}.Debug|Any CPU.Build.0 = Debug|Any CPU
		{CDA47384-321E-4744-B176-110568F4A938}.Debug|x64.ActiveCfg = Debug|Any CPU
		{CDA47384-321E-4744-B176-110568F4A938}.Debug|x64.Build.0 = Debug|Any CPU
		{CDA47384-321E-4744-B176-110568F4A938}.Debug|x86.ActiveCfg = Debug|Any CPU
		{CDA47384-321E-4744-B176-110568F4A938}.Debug|x86.Build.0 = Debug|Any CPU
		{CDA47384-321E-4744-B176-110568F4A938}.Release|Any CPU.ActiveCfg = Release|Any CPU
		{CDA47384-321E-4744-B176-110568F4A938}.Release|Any CPU.Build.0 = Release|Any CPU
		{CDA47384-321E-4744-B176-110568F4A938}.Release|x64.ActiveCfg = Release|Any CPU
		{CDA47384-321E-4744-B176-110568F4A938}.Release|x64.Build.0 = Release|Any CPU
		{CDA47384-321E-4744-B176-110568F4A938}.Release|x86.ActiveCfg = Release|Any CPU
		{CDA47384-321E-4744-B176-110568F4A938}.Release|x86.Build.0 = Release|Any CPU
	EndGlobalSection
	GlobalSection(SolutionProperties) = preSolution
		HideSolutionNode = FALSE
	EndGlobalSection
	GlobalSection(NestedProjects) = preSolution
		{BF3682F1-2DA3-4EE8-91FC-6387DD7890D7} = {7EE8BBC9-487B-4EB4-AED4-8A9D5CA902B6}
		{18B16E26-D112-4AFA-B8AD-E99856E13846} = {54A8EF2A-C028-40FB-837A-6C2D64E7CCD5}
		{B3513F6E-7182-4B76-AFD1-0D83FFBD9421} = {7EE8BBC9-487B-4EB4-AED4-8A9D5CA902B6}
		{B21076CB-E264-47FE-848A-0BDAC4FDD160} = {7EE8BBC9-487B-4EB4-AED4-8A9D5CA902B6}
		{910BE3DD-CB42-4554-AEDE-1D58BB4C747B} = {7EE8BBC9-487B-4EB4-AED4-8A9D5CA902B6}
		{0F0EF0C8-1DD5-43F3-9CFD-982CF4F43626} = {54A8EF2A-C028-40FB-837A-6C2D64E7CCD5}
		{9B486086-C5B8-4301-B7AA-6405D891859D} = {54A8EF2A-C028-40FB-837A-6C2D64E7CCD5}
		{CDA47384-321E-4744-B176-110568F4A938} = {54A8EF2A-C028-40FB-837A-6C2D64E7CCD5}
	EndGlobalSection
	GlobalSection(ExtensibilityGlobals) = postSolution
		SolutionGuid = {E653824E-9E53-4273-B743-768FE966CB87}
	EndGlobalSection
EndGlobal
